// !$*UTF8*$!
{
	archiveVersion = 1;
	classes = {
	};
	objectVersion = 51;
	objects = {

/* Begin PBXBuildFile section */
		2208239124C92C4900E4D460 /* ExportView.swift in Sources */ = {isa = PBXBuildFile; fileRef = 2208239024C92C4900E4D460 /* ExportView.swift */; };
		226708E724C96AFD00A96CA7 /* RaiseButton.swift in Sources */ = {isa = PBXBuildFile; fileRef = 226708E624C96AFD00A96CA7 /* RaiseButton.swift */; };
		2271885924B4738800610D8C /* MultiBandHSV.swift in Sources */ = {isa = PBXBuildFile; fileRef = 2271885824B4738800610D8C /* MultiBandHSV.swift */; };
		2271885B24B4777400610D8C /* FilterHLS.swift in Sources */ = {isa = PBXBuildFile; fileRef = 2271885A24B4777400610D8C /* FilterHLS.swift */; };
		22787FC824C00792002CC5C3 /* ListTitle.swift in Sources */ = {isa = PBXBuildFile; fileRef = 22787FC724C00792002CC5C3 /* ListTitle.swift */; };
		228A90B524AF27BB000CB78C /* AppDelegate.swift in Sources */ = {isa = PBXBuildFile; fileRef = 228A90B424AF27BB000CB78C /* AppDelegate.swift */; };
		228A90B724AF27BB000CB78C /* SceneDelegate.swift in Sources */ = {isa = PBXBuildFile; fileRef = 228A90B624AF27BB000CB78C /* SceneDelegate.swift */; };
		228A90BA24AF27BB000CB78C /* colorful_room.xcdatamodeld in Sources */ = {isa = PBXBuildFile; fileRef = 228A90B824AF27BB000CB78C /* colorful_room.xcdatamodeld */; };
		228A90BC24AF27BB000CB78C /* ContentView.swift in Sources */ = {isa = PBXBuildFile; fileRef = 228A90BB24AF27BB000CB78C /* ContentView.swift */; };
		228A90BE24AF27BD000CB78C /* Assets.xcassets in Resources */ = {isa = PBXBuildFile; fileRef = 228A90BD24AF27BD000CB78C /* Assets.xcassets */; };
		228A90C124AF27BD000CB78C /* Preview Assets.xcassets in Resources */ = {isa = PBXBuildFile; fileRef = 228A90C024AF27BD000CB78C /* Preview Assets.xcassets */; };
		228A90C424AF27BD000CB78C /* LaunchScreen.storyboard in Resources */ = {isa = PBXBuildFile; fileRef = 228A90C224AF27BD000CB78C /* LaunchScreen.storyboard */; };
		228DE32E24C352B100B748DF /* FilterWhiteBalance.swift in Sources */ = {isa = PBXBuildFile; fileRef = 228DE32D24C352B100B748DF /* FilterWhiteBalance.swift */; };
		228E392224BF06A40038B988 /* Collection.swift in Sources */ = {isa = PBXBuildFile; fileRef = 228E392124BF06A40038B988 /* Collection.swift */; };
		22B432C324B5682500BCC728 /* CoreImage.framework in Frameworks */ = {isa = PBXBuildFile; fileRef = 22B432C224B5682500BCC728 /* CoreImage.framework */; };
		22B432C524B5683100BCC728 /* CoreGraphics.framework in Frameworks */ = {isa = PBXBuildFile; fileRef = 22B432C424B5683100BCC728 /* CoreGraphics.framework */; };
		22B432C724B5683A00BCC728 /* AVFoundation.framework in Frameworks */ = {isa = PBXBuildFile; fileRef = 22B432C624B5683A00BCC728 /* AVFoundation.framework */; };
		22B432C924B5683F00BCC728 /* Foundation.framework in Frameworks */ = {isa = PBXBuildFile; fileRef = 22B432C824B5683F00BCC728 /* Foundation.framework */; };
		22B9F9D224C42C7C0036FBCE /* ActivityIndicator.swift in Sources */ = {isa = PBXBuildFile; fileRef = 22B9F9D124C42C7C0036FBCE /* ActivityIndicator.swift */; };
		22B9F9D424C437E70036FBCE /* SupportView.swift in Sources */ = {isa = PBXBuildFile; fileRef = 22B9F9D324C437E70036FBCE /* SupportView.swift */; };
		22C190EB24AF30A900C3502D /* PixelEngine.h in Headers */ = {isa = PBXBuildFile; fileRef = 22C190E924AF30A900C3502D /* PixelEngine.h */; settings = {ATTRIBUTES = (Public, ); }; };
		22C190EE24AF30A900C3502D /* PixelEngine.framework in Frameworks */ = {isa = PBXBuildFile; fileRef = 22C190E724AF30A900C3502D /* PixelEngine.framework */; };
		22C190EF24AF30A900C3502D /* PixelEngine.framework in Embed Frameworks */ = {isa = PBXBuildFile; fileRef = 22C190E724AF30A900C3502D /* PixelEngine.framework */; settings = {ATTRIBUTES = (CodeSignOnCopy, RemoveHeadersOnCopy, ); }; };
		22C1911D24AF30E900C3502D /* EngineLog.swift in Sources */ = {isa = PBXBuildFile; fileRef = 22C190F324AF30E800C3502D /* EngineLog.swift */; };
		22C1911E24AF30E900C3502D /* GraphicDrawing.swift in Sources */ = {isa = PBXBuildFile; fileRef = 22C190F424AF30E800C3502D /* GraphicDrawing.swift */; };
		22C1911F24AF30E900C3502D /* BlurredMask.swift in Sources */ = {isa = PBXBuildFile; fileRef = 22C190F524AF30E800C3502D /* BlurredMask.swift */; };
		22C1912124AF30E900C3502D /* ImageSource.swift in Sources */ = {isa = PBXBuildFile; fileRef = 22C190F724AF30E800C3502D /* ImageSource.swift */; };
		22C1912224AF30E900C3502D /* FilterVignette.swift in Sources */ = {isa = PBXBuildFile; fileRef = 22C190F924AF30E800C3502D /* FilterVignette.swift */; };
		22C1912324AF30E900C3502D /* FilterHighlightShadowTint.swift in Sources */ = {isa = PBXBuildFile; fileRef = 22C190FA24AF30E800C3502D /* FilterHighlightShadowTint.swift */; };
		22C1912424AF30E900C3502D /* FilterColorCube.swift in Sources */ = {isa = PBXBuildFile; fileRef = 22C190FB24AF30E800C3502D /* FilterColorCube.swift */; };
		22C1912524AF30E900C3502D /* FilterShadows.swift in Sources */ = {isa = PBXBuildFile; fileRef = 22C190FC24AF30E800C3502D /* FilterShadows.swift */; };
		22C1912624AF30E900C3502D /* FilterSaturation.swift in Sources */ = {isa = PBXBuildFile; fileRef = 22C190FD24AF30E800C3502D /* FilterSaturation.swift */; };
		22C1912724AF30E900C3502D /* FilterTemperature.swift in Sources */ = {isa = PBXBuildFile; fileRef = 22C190FE24AF30E800C3502D /* FilterTemperature.swift */; };
		22C1912824AF30E900C3502D /* FilterColor.swift in Sources */ = {isa = PBXBuildFile; fileRef = 22C190FF24AF30E800C3502D /* FilterColor.swift */; };
		22C1912924AF30E900C3502D /* FilterExposure.swift in Sources */ = {isa = PBXBuildFile; fileRef = 22C1910024AF30E800C3502D /* FilterExposure.swift */; };
		22C1912A24AF30E900C3502D /* FilterSharpen.swift in Sources */ = {isa = PBXBuildFile; fileRef = 22C1910124AF30E800C3502D /* FilterSharpen.swift */; };
		22C1912B24AF30E900C3502D /* FilterHighlights.swift in Sources */ = {isa = PBXBuildFile; fileRef = 22C1910224AF30E800C3502D /* FilterHighlights.swift */; };
		22C1912C24AF30E900C3502D /* FilterContrast.swift in Sources */ = {isa = PBXBuildFile; fileRef = 22C1910324AF30E800C3502D /* FilterContrast.swift */; };
		22C1912D24AF30E900C3502D /* FilterGaussianBlur.swift in Sources */ = {isa = PBXBuildFile; fileRef = 22C1910424AF30E800C3502D /* FilterGaussianBlur.swift */; };
		22C1912E24AF30E900C3502D /* FilterFade.swift in Sources */ = {isa = PBXBuildFile; fileRef = 22C1910524AF30E800C3502D /* FilterFade.swift */; };
		22C1912F24AF30E900C3502D /* FilterUnsharpMask.swift in Sources */ = {isa = PBXBuildFile; fileRef = 22C1910624AF30E800C3502D /* FilterUnsharpMask.swift */; };
		22C1913024AF30E900C3502D /* Geometry.swift in Sources */ = {isa = PBXBuildFile; fileRef = 22C1910724AF30E800C3502D /* Geometry.swift */; };
		22C1913124AF30E900C3502D /* DrawnPathInRect.swift in Sources */ = {isa = PBXBuildFile; fileRef = 22C1910824AF30E800C3502D /* DrawnPathInRect.swift */; };
		22C1913224AF30E900C3502D /* EditingStack.swift in Sources */ = {isa = PBXBuildFile; fileRef = 22C1910924AF30E800C3502D /* EditingStack.swift */; };
		22C1913324AF30E900C3502D /* ImageTool.swift in Sources */ = {isa = PBXBuildFile; fileRef = 22C1910B24AF30E800C3502D /* ImageTool.swift */; };
		22C1913424AF30E900C3502D /* ImageRenderer.swift in Sources */ = {isa = PBXBuildFile; fileRef = 22C1910C24AF30E800C3502D /* ImageRenderer.swift */; };
		22C1913624AF30E900C3502D /* ParameterRange.swift in Sources */ = {isa = PBXBuildFile; fileRef = 22C1910E24AF30E900C3502D /* ParameterRange.swift */; };
		22C1913724AF30E900C3502D /* YUCIColorLookup.cikernel in Resources */ = {isa = PBXBuildFile; fileRef = 22C1911024AF30E900C3502D /* YUCIColorLookup.cikernel */; };
		22C1913824AF30E900C3502D /* MetalImageView.swift in Sources */ = {isa = PBXBuildFile; fileRef = 22C1911224AF30E900C3502D /* MetalImageView.swift */; };
		22C1913924AF30E900C3502D /* HardwareImageView.swift in Sources */ = {isa = PBXBuildFile; fileRef = 22C1911324AF30E900C3502D /* HardwareImageView.swift */; };
		22C1913A24AF30E900C3502D /* GLImageView.swift in Sources */ = {isa = PBXBuildFile; fileRef = 22C1911424AF30E900C3502D /* GLImageView.swift */; };
		22C1913B24AF30E900C3502D /* DrawnPath.swift in Sources */ = {isa = PBXBuildFile; fileRef = 22C1911524AF30E900C3502D /* DrawnPath.swift */; };
		22C1913C24AF30E900C3502D /* ColorCube.swift in Sources */ = {isa = PBXBuildFile; fileRef = 22C1911624AF30E900C3502D /* ColorCube.swift */; };
		22C1913D24AF30E900C3502D /* PixelEngine.swift in Sources */ = {isa = PBXBuildFile; fileRef = 22C1911724AF30E900C3502D /* PixelEngine.swift */; };
		22C1913E24AF30E900C3502D /* Filtering.swift in Sources */ = {isa = PBXBuildFile; fileRef = 22C1911824AF30E900C3502D /* Filtering.swift */; };
		22C1913F24AF30E900C3502D /* InternalUtils.swift in Sources */ = {isa = PBXBuildFile; fileRef = 22C1911924AF30E900C3502D /* InternalUtils.swift */; };
		22C1914024AF30E900C3502D /* OvalBrush.swift in Sources */ = {isa = PBXBuildFile; fileRef = 22C1911A24AF30E900C3502D /* OvalBrush.swift */; };
		22C1914124AF30E900C3502D /* UIColor+HEX.swift in Sources */ = {isa = PBXBuildFile; fileRef = 22C1911C24AF30E900C3502D /* UIColor+HEX.swift */; };
		22C191AE24AF396200C3502D /* ImagePicker.swift in Sources */ = {isa = PBXBuildFile; fileRef = 22C191A824AF396200C3502D /* ImagePicker.swift */; };
		22C191AF24AF396200C3502D /* Data.swift in Sources */ = {isa = PBXBuildFile; fileRef = 22C191AA24AF396200C3502D /* Data.swift */; };
		22C191B024AF396200C3502D /* ImageSaver.swift in Sources */ = {isa = PBXBuildFile; fileRef = 22C191AB24AF396200C3502D /* ImageSaver.swift */; };
		22CEC04824BEE7D3009D4134 /* AppTheme.swift in Sources */ = {isa = PBXBuildFile; fileRef = 22CEC04724BEE7D3009D4134 /* AppTheme.swift */; };
		22EF90BD24B569E0003AE15E /* PhotoEditView.swift in Sources */ = {isa = PBXBuildFile; fileRef = 22EF90BC24B569E0003AE15E /* PhotoEditView.swift */; };
		552CDE60B9B17AAA180F5BDB /* Pods_PixelEngine.framework in Frameworks */ = {isa = PBXBuildFile; fileRef = 99B7617A0187A9C3BD12A9C9 /* Pods_PixelEngine.framework */; };
		5972CD0F24DD601B005C0B0A /* PhotoEditorController.swift in Sources */ = {isa = PBXBuildFile; fileRef = 5972CCEB24DD601B005C0B0A /* PhotoEditorController.swift */; };
		5972CD1024DD601B005C0B0A /* PhotoEditorView.swift in Sources */ = {isa = PBXBuildFile; fileRef = 5972CCEC24DD601B005C0B0A /* PhotoEditorView.swift */; };
		5972CD1124DD601B005C0B0A /* ImagePreviewView.swift in Sources */ = {isa = PBXBuildFile; fileRef = 5972CCEE24DD601B005C0B0A /* ImagePreviewView.swift */; };
		5972CD1224DD601B005C0B0A /* CustomSlider.swift in Sources */ = {isa = PBXBuildFile; fileRef = 5972CCF124DD601B005C0B0A /* CustomSlider.swift */; };
		5972CD1324DD601B005C0B0A /* LUTButton.swift in Sources */ = {isa = PBXBuildFile; fileRef = 5972CCF224DD601B005C0B0A /* LUTButton.swift */; };
		5972CD1424DD601B005C0B0A /* IconButton.swift in Sources */ = {isa = PBXBuildFile; fileRef = 5972CCF324DD601B005C0B0A /* IconButton.swift */; };
		5972CD1524DD601B005C0B0A /* CollectionButton.swift in Sources */ = {isa = PBXBuildFile; fileRef = 5972CCF424DD601B005C0B0A /* CollectionButton.swift */; };
		5972CD1624DD601B005C0B0A /* ButtonView.swift in Sources */ = {isa = PBXBuildFile; fileRef = 5972CCF524DD601B005C0B0A /* ButtonView.swift */; };
		5972CD1724DD601B005C0B0A /* LutMenuUI.swift in Sources */ = {isa = PBXBuildFile; fileRef = 5972CCF624DD601B005C0B0A /* LutMenuUI.swift */; };
		5972CD1824DD601B005C0B0A /* ExposureControl.swift in Sources */ = {isa = PBXBuildFile; fileRef = 5972CCF824DD601B005C0B0A /* ExposureControl.swift */; };
		5972CD1924DD601B005C0B0A /* SharpenControl.swift in Sources */ = {isa = PBXBuildFile; fileRef = 5972CCF924DD601B005C0B0A /* SharpenControl.swift */; };
		5972CD1A24DD601B005C0B0A /* ToneControl.swift in Sources */ = {isa = PBXBuildFile; fileRef = 5972CCFB24DD601B005C0B0A /* ToneControl.swift */; };
		5972CD1B24DD601B005C0B0A /* WhiteBalanceControl.swift in Sources */ = {isa = PBXBuildFile; fileRef = 5972CCFC24DD601B005C0B0A /* WhiteBalanceControl.swift */; };
		5972CD1C24DD601B005C0B0A /* ColorControl.swift in Sources */ = {isa = PBXBuildFile; fileRef = 5972CCFD24DD601B005C0B0A /* ColorControl.swift */; };
		5972CD1D24DD601B005C0B0A /* SaturationControl.swift in Sources */ = {isa = PBXBuildFile; fileRef = 5972CCFE24DD601B005C0B0A /* SaturationControl.swift */; };
		5972CD1E24DD601B005C0B0A /* ColorCubeControl.swift in Sources */ = {isa = PBXBuildFile; fileRef = 5972CCFF24DD601B005C0B0A /* ColorCubeControl.swift */; };
		5972CD1F24DD601B005C0B0A /* HighlightsControl.swift in Sources */ = {isa = PBXBuildFile; fileRef = 5972CD0024DD601B005C0B0A /* HighlightsControl.swift */; };
		5972CD2024DD601B005C0B0A /* VignetteControl.swift in Sources */ = {isa = PBXBuildFile; fileRef = 5972CD0124DD601B005C0B0A /* VignetteControl.swift */; };
		5972CD2124DD601B005C0B0A /* ColorSelectButton.swift in Sources */ = {isa = PBXBuildFile; fileRef = 5972CD0324DD601B005C0B0A /* ColorSelectButton.swift */; };
		5972CD2224DD601B005C0B0A /* HLSControl.swift in Sources */ = {isa = PBXBuildFile; fileRef = 5972CD0424DD601B005C0B0A /* HLSControl.swift */; };
		5972CD2324DD601B005C0B0A /* GaussianBlurControl.swift in Sources */ = {isa = PBXBuildFile; fileRef = 5972CD0524DD601B005C0B0A /* GaussianBlurControl.swift */; };
		5972CD2424DD601B005C0B0A /* UnsharpMaskControl.swift in Sources */ = {isa = PBXBuildFile; fileRef = 5972CD0624DD601B005C0B0A /* UnsharpMaskControl.swift */; };
		5972CD2524DD601B005C0B0A /* TemperatureControl.swift in Sources */ = {isa = PBXBuildFile; fileRef = 5972CD0724DD601B005C0B0A /* TemperatureControl.swift */; };
		5972CD2624DD601B005C0B0A /* ContrastControl.swift in Sources */ = {isa = PBXBuildFile; fileRef = 5972CD0824DD601B005C0B0A /* ContrastControl.swift */; };
		5972CD2724DD601B005C0B0A /* ShadowsControl.swift in Sources */ = {isa = PBXBuildFile; fileRef = 5972CD0924DD601B005C0B0A /* ShadowsControl.swift */; };
		5972CD2824DD601B005C0B0A /* FadeControl.swift in Sources */ = {isa = PBXBuildFile; fileRef = 5972CD0A24DD601B005C0B0A /* FadeControl.swift */; };
		5972CD2924DD601B005C0B0A /* FilterMenuUI.swift in Sources */ = {isa = PBXBuildFile; fileRef = 5972CD0B24DD601B005C0B0A /* FilterMenuUI.swift */; };
		5972CD2A24DD601B005C0B0A /* EditMenuView.swift in Sources */ = {isa = PBXBuildFile; fileRef = 5972CD0C24DD601B005C0B0A /* EditMenuView.swift */; };
		5972CD2B24DD601B005C0B0A /* Utility.swift in Sources */ = {isa = PBXBuildFile; fileRef = 5972CD0E24DD601B005C0B0A /* Utility.swift */; };
		5998814D24E51EF1001BE5CE /* EditMenu.swift in Sources */ = {isa = PBXBuildFile; fileRef = 5998814C24E51EF1001BE5CE /* EditMenu.swift */; };
		59D930F824D7E9D500CDC68B /* RoadMapView.swift in Sources */ = {isa = PBXBuildFile; fileRef = 59D930F724D7E9D500CDC68B /* RoadMapView.swift */; };
		9D6FCBC06B70895962238043 /* Pods_colorful_room.framework in Frameworks */ = {isa = PBXBuildFile; fileRef = 35168CD2399C980DC98CC76A /* Pods_colorful_room.framework */; };
/* End PBXBuildFile section */

/* Begin PBXContainerItemProxy section */
		22C190EC24AF30A900C3502D /* PBXContainerItemProxy */ = {
			isa = PBXContainerItemProxy;
			containerPortal = 228A90A924AF27BB000CB78C /* Project object */;
			proxyType = 1;
			remoteGlobalIDString = 22C190E624AF30A900C3502D;
			remoteInfo = PixelEngine;
		};
/* End PBXContainerItemProxy section */

/* Begin PBXCopyFilesBuildPhase section */
		22C190E124AF302100C3502D /* Embed Frameworks */ = {
			isa = PBXCopyFilesBuildPhase;
			buildActionMask = 2147483647;
			dstPath = "";
			dstSubfolderSpec = 10;
			files = (
				22C190EF24AF30A900C3502D /* PixelEngine.framework in Embed Frameworks */,
			);
			name = "Embed Frameworks";
			runOnlyForDeploymentPostprocessing = 0;
		};
/* End PBXCopyFilesBuildPhase section */

/* Begin PBXFileReference section */
		0FEBBECD582805E7B2040D91 /* Pods-PhotoEditor.debug.xcconfig */ = {isa = PBXFileReference; includeInIndex = 1; lastKnownFileType = text.xcconfig; name = "Pods-PhotoEditor.debug.xcconfig"; path = "Target Support Files/Pods-PhotoEditor/Pods-PhotoEditor.debug.xcconfig"; sourceTree = "<group>"; };
		1AE86049E48094D887353101 /* Pods-colorful-room.release.xcconfig */ = {isa = PBXFileReference; includeInIndex = 1; lastKnownFileType = text.xcconfig; name = "Pods-colorful-room.release.xcconfig"; path = "Target Support Files/Pods-colorful-room/Pods-colorful-room.release.xcconfig"; sourceTree = "<group>"; };
		2208239024C92C4900E4D460 /* ExportView.swift */ = {isa = PBXFileReference; lastKnownFileType = sourcecode.swift; path = ExportView.swift; sourceTree = "<group>"; };
		226708E624C96AFD00A96CA7 /* RaiseButton.swift */ = {isa = PBXFileReference; lastKnownFileType = sourcecode.swift; path = RaiseButton.swift; sourceTree = "<group>"; };
		2271885824B4738800610D8C /* MultiBandHSV.swift */ = {isa = PBXFileReference; lastKnownFileType = sourcecode.swift; path = MultiBandHSV.swift; sourceTree = "<group>"; };
		2271885A24B4777400610D8C /* FilterHLS.swift */ = {isa = PBXFileReference; lastKnownFileType = sourcecode.swift; path = FilterHLS.swift; sourceTree = "<group>"; };
		22787FC724C00792002CC5C3 /* ListTitle.swift */ = {isa = PBXFileReference; lastKnownFileType = sourcecode.swift; path = ListTitle.swift; sourceTree = "<group>"; };
		228A90B124AF27BB000CB78C /* LUTs.app */ = {isa = PBXFileReference; explicitFileType = wrapper.application; includeInIndex = 0; path = LUTs.app; sourceTree = BUILT_PRODUCTS_DIR; };
		228A90B424AF27BB000CB78C /* AppDelegate.swift */ = {isa = PBXFileReference; lastKnownFileType = sourcecode.swift; path = AppDelegate.swift; sourceTree = "<group>"; };
		228A90B624AF27BB000CB78C /* SceneDelegate.swift */ = {isa = PBXFileReference; lastKnownFileType = sourcecode.swift; path = SceneDelegate.swift; sourceTree = "<group>"; };
		228A90B924AF27BB000CB78C /* colorful_room.xcdatamodel */ = {isa = PBXFileReference; lastKnownFileType = wrapper.xcdatamodel; path = colorful_room.xcdatamodel; sourceTree = "<group>"; };
		228A90BB24AF27BB000CB78C /* ContentView.swift */ = {isa = PBXFileReference; lastKnownFileType = sourcecode.swift; path = ContentView.swift; sourceTree = "<group>"; };
		228A90BD24AF27BD000CB78C /* Assets.xcassets */ = {isa = PBXFileReference; lastKnownFileType = folder.assetcatalog; path = Assets.xcassets; sourceTree = "<group>"; };
		228A90C024AF27BD000CB78C /* Preview Assets.xcassets */ = {isa = PBXFileReference; lastKnownFileType = folder.assetcatalog; path = "Preview Assets.xcassets"; sourceTree = "<group>"; };
		228A90C324AF27BD000CB78C /* Base */ = {isa = PBXFileReference; lastKnownFileType = file.storyboard; name = Base; path = Base.lproj/LaunchScreen.storyboard; sourceTree = "<group>"; };
		228A90C524AF27BD000CB78C /* Info.plist */ = {isa = PBXFileReference; lastKnownFileType = text.plist.xml; path = Info.plist; sourceTree = "<group>"; };
		228DE32D24C352B100B748DF /* FilterWhiteBalance.swift */ = {isa = PBXFileReference; lastKnownFileType = sourcecode.swift; path = FilterWhiteBalance.swift; sourceTree = "<group>"; };
		228E392124BF06A40038B988 /* Collection.swift */ = {isa = PBXFileReference; lastKnownFileType = sourcecode.swift; path = Collection.swift; sourceTree = "<group>"; };
		22B432C224B5682500BCC728 /* CoreImage.framework */ = {isa = PBXFileReference; lastKnownFileType = wrapper.framework; name = CoreImage.framework; path = Platforms/MacOSX.platform/Developer/SDKs/MacOSX10.15.sdk/System/Library/Frameworks/CoreImage.framework; sourceTree = DEVELOPER_DIR; };
		22B432C424B5683100BCC728 /* CoreGraphics.framework */ = {isa = PBXFileReference; lastKnownFileType = wrapper.framework; name = CoreGraphics.framework; path = Platforms/MacOSX.platform/Developer/SDKs/MacOSX10.15.sdk/System/Library/Frameworks/CoreGraphics.framework; sourceTree = DEVELOPER_DIR; };
		22B432C624B5683A00BCC728 /* AVFoundation.framework */ = {isa = PBXFileReference; lastKnownFileType = wrapper.framework; name = AVFoundation.framework; path = Platforms/MacOSX.platform/Developer/SDKs/MacOSX10.15.sdk/System/Library/Frameworks/AVFoundation.framework; sourceTree = DEVELOPER_DIR; };
		22B432C824B5683F00BCC728 /* Foundation.framework */ = {isa = PBXFileReference; lastKnownFileType = wrapper.framework; name = Foundation.framework; path = Platforms/MacOSX.platform/Developer/SDKs/MacOSX10.15.sdk/System/Library/Frameworks/Foundation.framework; sourceTree = DEVELOPER_DIR; };
		22B9F9D124C42C7C0036FBCE /* ActivityIndicator.swift */ = {isa = PBXFileReference; lastKnownFileType = sourcecode.swift; path = ActivityIndicator.swift; sourceTree = "<group>"; };
		22B9F9D324C437E70036FBCE /* SupportView.swift */ = {isa = PBXFileReference; lastKnownFileType = sourcecode.swift; path = SupportView.swift; sourceTree = "<group>"; };
		22C190E724AF30A900C3502D /* PixelEngine.framework */ = {isa = PBXFileReference; explicitFileType = wrapper.framework; includeInIndex = 0; path = PixelEngine.framework; sourceTree = BUILT_PRODUCTS_DIR; };
		22C190E924AF30A900C3502D /* PixelEngine.h */ = {isa = PBXFileReference; lastKnownFileType = sourcecode.c.h; path = PixelEngine.h; sourceTree = "<group>"; };
		22C190EA24AF30A900C3502D /* Info.plist */ = {isa = PBXFileReference; lastKnownFileType = text.plist.xml; path = Info.plist; sourceTree = "<group>"; };
		22C190F324AF30E800C3502D /* EngineLog.swift */ = {isa = PBXFileReference; fileEncoding = 4; lastKnownFileType = sourcecode.swift; path = EngineLog.swift; sourceTree = "<group>"; };
		22C190F424AF30E800C3502D /* GraphicDrawing.swift */ = {isa = PBXFileReference; fileEncoding = 4; lastKnownFileType = sourcecode.swift; path = GraphicDrawing.swift; sourceTree = "<group>"; };
		22C190F524AF30E800C3502D /* BlurredMask.swift */ = {isa = PBXFileReference; fileEncoding = 4; lastKnownFileType = sourcecode.swift; path = BlurredMask.swift; sourceTree = "<group>"; };
		22C190F724AF30E800C3502D /* ImageSource.swift */ = {isa = PBXFileReference; fileEncoding = 4; lastKnownFileType = sourcecode.swift; path = ImageSource.swift; sourceTree = "<group>"; };
		22C190F924AF30E800C3502D /* FilterVignette.swift */ = {isa = PBXFileReference; fileEncoding = 4; lastKnownFileType = sourcecode.swift; path = FilterVignette.swift; sourceTree = "<group>"; };
		22C190FA24AF30E800C3502D /* FilterHighlightShadowTint.swift */ = {isa = PBXFileReference; fileEncoding = 4; lastKnownFileType = sourcecode.swift; path = FilterHighlightShadowTint.swift; sourceTree = "<group>"; };
		22C190FB24AF30E800C3502D /* FilterColorCube.swift */ = {isa = PBXFileReference; fileEncoding = 4; lastKnownFileType = sourcecode.swift; path = FilterColorCube.swift; sourceTree = "<group>"; };
		22C190FC24AF30E800C3502D /* FilterShadows.swift */ = {isa = PBXFileReference; fileEncoding = 4; lastKnownFileType = sourcecode.swift; path = FilterShadows.swift; sourceTree = "<group>"; };
		22C190FD24AF30E800C3502D /* FilterSaturation.swift */ = {isa = PBXFileReference; fileEncoding = 4; lastKnownFileType = sourcecode.swift; path = FilterSaturation.swift; sourceTree = "<group>"; };
		22C190FE24AF30E800C3502D /* FilterTemperature.swift */ = {isa = PBXFileReference; fileEncoding = 4; lastKnownFileType = sourcecode.swift; path = FilterTemperature.swift; sourceTree = "<group>"; };
		22C190FF24AF30E800C3502D /* FilterColor.swift */ = {isa = PBXFileReference; fileEncoding = 4; lastKnownFileType = sourcecode.swift; path = FilterColor.swift; sourceTree = "<group>"; };
		22C1910024AF30E800C3502D /* FilterExposure.swift */ = {isa = PBXFileReference; fileEncoding = 4; lastKnownFileType = sourcecode.swift; path = FilterExposure.swift; sourceTree = "<group>"; };
		22C1910124AF30E800C3502D /* FilterSharpen.swift */ = {isa = PBXFileReference; fileEncoding = 4; lastKnownFileType = sourcecode.swift; path = FilterSharpen.swift; sourceTree = "<group>"; };
		22C1910224AF30E800C3502D /* FilterHighlights.swift */ = {isa = PBXFileReference; fileEncoding = 4; lastKnownFileType = sourcecode.swift; path = FilterHighlights.swift; sourceTree = "<group>"; };
		22C1910324AF30E800C3502D /* FilterContrast.swift */ = {isa = PBXFileReference; fileEncoding = 4; lastKnownFileType = sourcecode.swift; path = FilterContrast.swift; sourceTree = "<group>"; };
		22C1910424AF30E800C3502D /* FilterGaussianBlur.swift */ = {isa = PBXFileReference; fileEncoding = 4; lastKnownFileType = sourcecode.swift; path = FilterGaussianBlur.swift; sourceTree = "<group>"; };
		22C1910524AF30E800C3502D /* FilterFade.swift */ = {isa = PBXFileReference; fileEncoding = 4; lastKnownFileType = sourcecode.swift; path = FilterFade.swift; sourceTree = "<group>"; };
		22C1910624AF30E800C3502D /* FilterUnsharpMask.swift */ = {isa = PBXFileReference; fileEncoding = 4; lastKnownFileType = sourcecode.swift; path = FilterUnsharpMask.swift; sourceTree = "<group>"; };
		22C1910724AF30E800C3502D /* Geometry.swift */ = {isa = PBXFileReference; fileEncoding = 4; lastKnownFileType = sourcecode.swift; path = Geometry.swift; sourceTree = "<group>"; };
		22C1910824AF30E800C3502D /* DrawnPathInRect.swift */ = {isa = PBXFileReference; fileEncoding = 4; lastKnownFileType = sourcecode.swift; path = DrawnPathInRect.swift; sourceTree = "<group>"; };
		22C1910924AF30E800C3502D /* EditingStack.swift */ = {isa = PBXFileReference; fileEncoding = 4; lastKnownFileType = sourcecode.swift; path = EditingStack.swift; sourceTree = "<group>"; };
		22C1910B24AF30E800C3502D /* ImageTool.swift */ = {isa = PBXFileReference; fileEncoding = 4; lastKnownFileType = sourcecode.swift; path = ImageTool.swift; sourceTree = "<group>"; };
		22C1910C24AF30E800C3502D /* ImageRenderer.swift */ = {isa = PBXFileReference; fileEncoding = 4; lastKnownFileType = sourcecode.swift; path = ImageRenderer.swift; sourceTree = "<group>"; };
		22C1910E24AF30E900C3502D /* ParameterRange.swift */ = {isa = PBXFileReference; fileEncoding = 4; lastKnownFileType = sourcecode.swift; path = ParameterRange.swift; sourceTree = "<group>"; };
		22C1911024AF30E900C3502D /* YUCIColorLookup.cikernel */ = {isa = PBXFileReference; fileEncoding = 4; lastKnownFileType = text; path = YUCIColorLookup.cikernel; sourceTree = "<group>"; };
		22C1911224AF30E900C3502D /* MetalImageView.swift */ = {isa = PBXFileReference; fileEncoding = 4; lastKnownFileType = sourcecode.swift; path = MetalImageView.swift; sourceTree = "<group>"; };
		22C1911324AF30E900C3502D /* HardwareImageView.swift */ = {isa = PBXFileReference; fileEncoding = 4; lastKnownFileType = sourcecode.swift; path = HardwareImageView.swift; sourceTree = "<group>"; };
		22C1911424AF30E900C3502D /* GLImageView.swift */ = {isa = PBXFileReference; fileEncoding = 4; lastKnownFileType = sourcecode.swift; path = GLImageView.swift; sourceTree = "<group>"; };
		22C1911524AF30E900C3502D /* DrawnPath.swift */ = {isa = PBXFileReference; fileEncoding = 4; lastKnownFileType = sourcecode.swift; path = DrawnPath.swift; sourceTree = "<group>"; };
		22C1911624AF30E900C3502D /* ColorCube.swift */ = {isa = PBXFileReference; fileEncoding = 4; lastKnownFileType = sourcecode.swift; path = ColorCube.swift; sourceTree = "<group>"; };
		22C1911724AF30E900C3502D /* PixelEngine.swift */ = {isa = PBXFileReference; fileEncoding = 4; lastKnownFileType = sourcecode.swift; path = PixelEngine.swift; sourceTree = "<group>"; };
		22C1911824AF30E900C3502D /* Filtering.swift */ = {isa = PBXFileReference; fileEncoding = 4; lastKnownFileType = sourcecode.swift; path = Filtering.swift; sourceTree = "<group>"; };
		22C1911924AF30E900C3502D /* InternalUtils.swift */ = {isa = PBXFileReference; fileEncoding = 4; lastKnownFileType = sourcecode.swift; path = InternalUtils.swift; sourceTree = "<group>"; };
		22C1911A24AF30E900C3502D /* OvalBrush.swift */ = {isa = PBXFileReference; fileEncoding = 4; lastKnownFileType = sourcecode.swift; path = OvalBrush.swift; sourceTree = "<group>"; };
		22C1911C24AF30E900C3502D /* UIColor+HEX.swift */ = {isa = PBXFileReference; fileEncoding = 4; lastKnownFileType = sourcecode.swift; path = "UIColor+HEX.swift"; sourceTree = "<group>"; };
		22C191A824AF396200C3502D /* ImagePicker.swift */ = {isa = PBXFileReference; fileEncoding = 4; lastKnownFileType = sourcecode.swift; path = ImagePicker.swift; sourceTree = "<group>"; };
		22C191AA24AF396200C3502D /* Data.swift */ = {isa = PBXFileReference; fileEncoding = 4; lastKnownFileType = sourcecode.swift; path = Data.swift; sourceTree = "<group>"; };
		22C191AB24AF396200C3502D /* ImageSaver.swift */ = {isa = PBXFileReference; fileEncoding = 4; lastKnownFileType = sourcecode.swift; path = ImageSaver.swift; sourceTree = "<group>"; };
		22CEC04724BEE7D3009D4134 /* AppTheme.swift */ = {isa = PBXFileReference; lastKnownFileType = sourcecode.swift; path = AppTheme.swift; sourceTree = "<group>"; };
		22EF90BC24B569E0003AE15E /* PhotoEditView.swift */ = {isa = PBXFileReference; lastKnownFileType = sourcecode.swift; path = PhotoEditView.swift; sourceTree = "<group>"; };
		35168CD2399C980DC98CC76A /* Pods_colorful_room.framework */ = {isa = PBXFileReference; explicitFileType = wrapper.framework; includeInIndex = 0; path = Pods_colorful_room.framework; sourceTree = BUILT_PRODUCTS_DIR; };
		39B28A770BF277CAD04B1B5C /* Pods-PixelEngine.debug.xcconfig */ = {isa = PBXFileReference; includeInIndex = 1; lastKnownFileType = text.xcconfig; name = "Pods-PixelEngine.debug.xcconfig"; path = "Target Support Files/Pods-PixelEngine/Pods-PixelEngine.debug.xcconfig"; sourceTree = "<group>"; };
		4682A39EF92B8DE5335673D3 /* Pods-colorful-room.debug.xcconfig */ = {isa = PBXFileReference; includeInIndex = 1; lastKnownFileType = text.xcconfig; name = "Pods-colorful-room.debug.xcconfig"; path = "Target Support Files/Pods-colorful-room/Pods-colorful-room.debug.xcconfig"; sourceTree = "<group>"; };
		4E1DBBBABAD3B2DC7ED1E74A /* Pods-PhotoEditor.release.xcconfig */ = {isa = PBXFileReference; includeInIndex = 1; lastKnownFileType = text.xcconfig; name = "Pods-PhotoEditor.release.xcconfig"; path = "Target Support Files/Pods-PhotoEditor/Pods-PhotoEditor.release.xcconfig"; sourceTree = "<group>"; };
		56D37364123E5AC23935C76E /* Pods-PixelEngine.release.xcconfig */ = {isa = PBXFileReference; includeInIndex = 1; lastKnownFileType = text.xcconfig; name = "Pods-PixelEngine.release.xcconfig"; path = "Target Support Files/Pods-PixelEngine/Pods-PixelEngine.release.xcconfig"; sourceTree = "<group>"; };
		5972CCEB24DD601B005C0B0A /* PhotoEditorController.swift */ = {isa = PBXFileReference; fileEncoding = 4; lastKnownFileType = sourcecode.swift; path = PhotoEditorController.swift; sourceTree = "<group>"; };
		5972CCEC24DD601B005C0B0A /* PhotoEditorView.swift */ = {isa = PBXFileReference; fileEncoding = 4; lastKnownFileType = sourcecode.swift; path = PhotoEditorView.swift; sourceTree = "<group>"; };
		5972CCEE24DD601B005C0B0A /* ImagePreviewView.swift */ = {isa = PBXFileReference; fileEncoding = 4; lastKnownFileType = sourcecode.swift; path = ImagePreviewView.swift; sourceTree = "<group>"; };
		5972CCF124DD601B005C0B0A /* CustomSlider.swift */ = {isa = PBXFileReference; fileEncoding = 4; lastKnownFileType = sourcecode.swift; path = CustomSlider.swift; sourceTree = "<group>"; };
		5972CCF224DD601B005C0B0A /* LUTButton.swift */ = {isa = PBXFileReference; fileEncoding = 4; lastKnownFileType = sourcecode.swift; path = LUTButton.swift; sourceTree = "<group>"; };
		5972CCF324DD601B005C0B0A /* IconButton.swift */ = {isa = PBXFileReference; fileEncoding = 4; lastKnownFileType = sourcecode.swift; path = IconButton.swift; sourceTree = "<group>"; };
		5972CCF424DD601B005C0B0A /* CollectionButton.swift */ = {isa = PBXFileReference; fileEncoding = 4; lastKnownFileType = sourcecode.swift; path = CollectionButton.swift; sourceTree = "<group>"; };
		5972CCF524DD601B005C0B0A /* ButtonView.swift */ = {isa = PBXFileReference; fileEncoding = 4; lastKnownFileType = sourcecode.swift; path = ButtonView.swift; sourceTree = "<group>"; };
		5972CCF624DD601B005C0B0A /* LutMenuUI.swift */ = {isa = PBXFileReference; fileEncoding = 4; lastKnownFileType = sourcecode.swift; path = LutMenuUI.swift; sourceTree = "<group>"; };
		5972CCF824DD601B005C0B0A /* ExposureControl.swift */ = {isa = PBXFileReference; fileEncoding = 4; lastKnownFileType = sourcecode.swift; path = ExposureControl.swift; sourceTree = "<group>"; };
		5972CCF924DD601B005C0B0A /* SharpenControl.swift */ = {isa = PBXFileReference; fileEncoding = 4; lastKnownFileType = sourcecode.swift; path = SharpenControl.swift; sourceTree = "<group>"; };
		5972CCFB24DD601B005C0B0A /* ToneControl.swift */ = {isa = PBXFileReference; fileEncoding = 4; lastKnownFileType = sourcecode.swift; path = ToneControl.swift; sourceTree = "<group>"; };
		5972CCFC24DD601B005C0B0A /* WhiteBalanceControl.swift */ = {isa = PBXFileReference; fileEncoding = 4; lastKnownFileType = sourcecode.swift; path = WhiteBalanceControl.swift; sourceTree = "<group>"; };
		5972CCFD24DD601B005C0B0A /* ColorControl.swift */ = {isa = PBXFileReference; fileEncoding = 4; lastKnownFileType = sourcecode.swift; path = ColorControl.swift; sourceTree = "<group>"; };
		5972CCFE24DD601B005C0B0A /* SaturationControl.swift */ = {isa = PBXFileReference; fileEncoding = 4; lastKnownFileType = sourcecode.swift; path = SaturationControl.swift; sourceTree = "<group>"; };
		5972CCFF24DD601B005C0B0A /* ColorCubeControl.swift */ = {isa = PBXFileReference; fileEncoding = 4; lastKnownFileType = sourcecode.swift; path = ColorCubeControl.swift; sourceTree = "<group>"; };
		5972CD0024DD601B005C0B0A /* HighlightsControl.swift */ = {isa = PBXFileReference; fileEncoding = 4; lastKnownFileType = sourcecode.swift; path = HighlightsControl.swift; sourceTree = "<group>"; };
		5972CD0124DD601B005C0B0A /* VignetteControl.swift */ = {isa = PBXFileReference; fileEncoding = 4; lastKnownFileType = sourcecode.swift; path = VignetteControl.swift; sourceTree = "<group>"; };
		5972CD0324DD601B005C0B0A /* ColorSelectButton.swift */ = {isa = PBXFileReference; fileEncoding = 4; lastKnownFileType = sourcecode.swift; path = ColorSelectButton.swift; sourceTree = "<group>"; };
		5972CD0424DD601B005C0B0A /* HLSControl.swift */ = {isa = PBXFileReference; fileEncoding = 4; lastKnownFileType = sourcecode.swift; path = HLSControl.swift; sourceTree = "<group>"; };
		5972CD0524DD601B005C0B0A /* GaussianBlurControl.swift */ = {isa = PBXFileReference; fileEncoding = 4; lastKnownFileType = sourcecode.swift; path = GaussianBlurControl.swift; sourceTree = "<group>"; };
		5972CD0624DD601B005C0B0A /* UnsharpMaskControl.swift */ = {isa = PBXFileReference; fileEncoding = 4; lastKnownFileType = sourcecode.swift; path = UnsharpMaskControl.swift; sourceTree = "<group>"; };
		5972CD0724DD601B005C0B0A /* TemperatureControl.swift */ = {isa = PBXFileReference; fileEncoding = 4; lastKnownFileType = sourcecode.swift; path = TemperatureControl.swift; sourceTree = "<group>"; };
		5972CD0824DD601B005C0B0A /* ContrastControl.swift */ = {isa = PBXFileReference; fileEncoding = 4; lastKnownFileType = sourcecode.swift; path = ContrastControl.swift; sourceTree = "<group>"; };
		5972CD0924DD601B005C0B0A /* ShadowsControl.swift */ = {isa = PBXFileReference; fileEncoding = 4; lastKnownFileType = sourcecode.swift; path = ShadowsControl.swift; sourceTree = "<group>"; };
		5972CD0A24DD601B005C0B0A /* FadeControl.swift */ = {isa = PBXFileReference; fileEncoding = 4; lastKnownFileType = sourcecode.swift; path = FadeControl.swift; sourceTree = "<group>"; };
		5972CD0B24DD601B005C0B0A /* FilterMenuUI.swift */ = {isa = PBXFileReference; fileEncoding = 4; lastKnownFileType = sourcecode.swift; path = FilterMenuUI.swift; sourceTree = "<group>"; };
		5972CD0C24DD601B005C0B0A /* EditMenuView.swift */ = {isa = PBXFileReference; fileEncoding = 4; lastKnownFileType = sourcecode.swift; path = EditMenuView.swift; sourceTree = "<group>"; };
		5972CD0E24DD601B005C0B0A /* Utility.swift */ = {isa = PBXFileReference; fileEncoding = 4; lastKnownFileType = sourcecode.swift; path = Utility.swift; sourceTree = "<group>"; };
		5998814C24E51EF1001BE5CE /* EditMenu.swift */ = {isa = PBXFileReference; lastKnownFileType = sourcecode.swift; path = EditMenu.swift; sourceTree = "<group>"; };
		59D930F724D7E9D500CDC68B /* RoadMapView.swift */ = {isa = PBXFileReference; lastKnownFileType = sourcecode.swift; name = RoadMapView.swift; path = view/RoadMapView.swift; sourceTree = SOURCE_ROOT; };
		6E7228D9C1378FFF65CD251D /* Pods-PixelEditor.debug.xcconfig */ = {isa = PBXFileReference; includeInIndex = 1; lastKnownFileType = text.xcconfig; name = "Pods-PixelEditor.debug.xcconfig"; path = "Target Support Files/Pods-PixelEditor/Pods-PixelEditor.debug.xcconfig"; sourceTree = "<group>"; };
		73402399CD5279071905E1F0 /* Pods-PixelEditor.release.xcconfig */ = {isa = PBXFileReference; includeInIndex = 1; lastKnownFileType = text.xcconfig; name = "Pods-PixelEditor.release.xcconfig"; path = "Target Support Files/Pods-PixelEditor/Pods-PixelEditor.release.xcconfig"; sourceTree = "<group>"; };
		99B7617A0187A9C3BD12A9C9 /* Pods_PixelEngine.framework */ = {isa = PBXFileReference; explicitFileType = wrapper.framework; includeInIndex = 0; path = Pods_PixelEngine.framework; sourceTree = BUILT_PRODUCTS_DIR; };
/* End PBXFileReference section */

/* Begin PBXFrameworksBuildPhase section */
		228A90AE24AF27BB000CB78C /* Frameworks */ = {
			isa = PBXFrameworksBuildPhase;
			buildActionMask = 2147483647;
			files = (
				22C190EE24AF30A900C3502D /* PixelEngine.framework in Frameworks */,
				9D6FCBC06B70895962238043 /* Pods_colorful_room.framework in Frameworks */,
			);
			runOnlyForDeploymentPostprocessing = 0;
		};
		22C190E424AF30A900C3502D /* Frameworks */ = {
			isa = PBXFrameworksBuildPhase;
			buildActionMask = 2147483647;
			files = (
				22B432C524B5683100BCC728 /* CoreGraphics.framework in Frameworks */,
				22B432C324B5682500BCC728 /* CoreImage.framework in Frameworks */,
				22B432C724B5683A00BCC728 /* AVFoundation.framework in Frameworks */,
				22B432C924B5683F00BCC728 /* Foundation.framework in Frameworks */,
				552CDE60B9B17AAA180F5BDB /* Pods_PixelEngine.framework in Frameworks */,
			);
			runOnlyForDeploymentPostprocessing = 0;
		};
/* End PBXFrameworksBuildPhase section */

/* Begin PBXGroup section */
		16AA0BB32420E9D6BAFC866B /* Pods */ = {
			isa = PBXGroup;
			children = (
				4682A39EF92B8DE5335673D3 /* Pods-colorful-room.debug.xcconfig */,
				1AE86049E48094D887353101 /* Pods-colorful-room.release.xcconfig */,
				6E7228D9C1378FFF65CD251D /* Pods-PixelEditor.debug.xcconfig */,
				73402399CD5279071905E1F0 /* Pods-PixelEditor.release.xcconfig */,
				0FEBBECD582805E7B2040D91 /* Pods-PhotoEditor.debug.xcconfig */,
				4E1DBBBABAD3B2DC7ED1E74A /* Pods-PhotoEditor.release.xcconfig */,
				39B28A770BF277CAD04B1B5C /* Pods-PixelEngine.debug.xcconfig */,
				56D37364123E5AC23935C76E /* Pods-PixelEngine.release.xcconfig */,
			);
			path = Pods;
			sourceTree = "<group>";
		};
		2271885724B4737200610D8C /* Kernel */ = {
			isa = PBXGroup;
			children = (
				2271885824B4738800610D8C /* MultiBandHSV.swift */,
			);
			path = Kernel;
			sourceTree = "<group>";
		};
		22787FC624C00764002CC5C3 /* UI */ = {
			isa = PBXGroup;
			children = (
				22787FC724C00792002CC5C3 /* ListTitle.swift */,
				22B9F9D124C42C7C0036FBCE /* ActivityIndicator.swift */,
				226708E624C96AFD00A96CA7 /* RaiseButton.swift */,
			);
			path = UI;
			sourceTree = "<group>";
		};
		228A90A824AF27BB000CB78C = {
			isa = PBXGroup;
			children = (
				228A90B324AF27BB000CB78C /* colorful-room */,
				22C190E824AF30A900C3502D /* PixelEngine */,
				228A90B224AF27BB000CB78C /* Products */,
				16AA0BB32420E9D6BAFC866B /* Pods */,
				DA3FF9FFA41A0732EABECA0E /* Frameworks */,
			);
			sourceTree = "<group>";
		};
		228A90B224AF27BB000CB78C /* Products */ = {
			isa = PBXGroup;
			children = (
				228A90B124AF27BB000CB78C /* LUTs.app */,
				22C190E724AF30A900C3502D /* PixelEngine.framework */,
			);
			name = Products;
			sourceTree = "<group>";
		};
		228A90B324AF27BB000CB78C /* colorful-room */ = {
			isa = PBXGroup;
			children = (
				59EBB39D24DD5F2C00A4F9FD /* PhotoEditor */,
				22787FC624C00764002CC5C3 /* UI */,
				22CEC04624BEE7BF009D4134 /* Utility */,
				22C191A924AF396200C3502D /* Model */,
				22C191A624AF396200C3502D /* View */,
				228A90B424AF27BB000CB78C /* AppDelegate.swift */,
				228A90B624AF27BB000CB78C /* SceneDelegate.swift */,
				228A90BB24AF27BB000CB78C /* ContentView.swift */,
				228A90BD24AF27BD000CB78C /* Assets.xcassets */,
				228A90C224AF27BD000CB78C /* LaunchScreen.storyboard */,
				228A90C524AF27BD000CB78C /* Info.plist */,
				228A90B824AF27BB000CB78C /* colorful_room.xcdatamodeld */,
				228A90BF24AF27BD000CB78C /* Preview Content */,
			);
			path = "colorful-room";
			sourceTree = "<group>";
		};
		228A90BF24AF27BD000CB78C /* Preview Content */ = {
			isa = PBXGroup;
			children = (
				228A90C024AF27BD000CB78C /* Preview Assets.xcassets */,
			);
			path = "Preview Content";
			sourceTree = "<group>";
		};
		22C190E824AF30A900C3502D /* PixelEngine */ = {
			isa = PBXGroup;
			children = (
				2271885724B4737200610D8C /* Kernel */,
				22C190F524AF30E800C3502D /* BlurredMask.swift */,
				22C1911624AF30E900C3502D /* ColorCube.swift */,
				22C1911524AF30E900C3502D /* DrawnPath.swift */,
				22C1910824AF30E800C3502D /* DrawnPathInRect.swift */,
				22C1910924AF30E800C3502D /* EditingStack.swift */,
				22C1910A24AF30E800C3502D /* Engine */,
				22C190F324AF30E800C3502D /* EngineLog.swift */,
				22C190F824AF30E800C3502D /* Filter */,
				22C1911824AF30E900C3502D /* Filtering.swift */,
				22C1910724AF30E800C3502D /* Geometry.swift */,
				22C190F424AF30E800C3502D /* GraphicDrawing.swift */,
				22C190F724AF30E800C3502D /* ImageSource.swift */,
				22C1911124AF30E900C3502D /* ImageView */,
				22C1911924AF30E900C3502D /* InternalUtils.swift */,
				22C1911A24AF30E900C3502D /* OvalBrush.swift */,
				22C1910E24AF30E900C3502D /* ParameterRange.swift */,
				22C1911724AF30E900C3502D /* PixelEngine.swift */,
				22C1910F24AF30E900C3502D /* Resource */,
				22C1911B24AF30E900C3502D /* Utils */,
				22C190E924AF30A900C3502D /* PixelEngine.h */,
				22C190EA24AF30A900C3502D /* Info.plist */,
			);
			path = PixelEngine;
			sourceTree = "<group>";
		};
		22C190F824AF30E800C3502D /* Filter */ = {
			isa = PBXGroup;
			children = (
				22C190F924AF30E800C3502D /* FilterVignette.swift */,
				22C190FA24AF30E800C3502D /* FilterHighlightShadowTint.swift */,
				22C190FB24AF30E800C3502D /* FilterColorCube.swift */,
				22C190FC24AF30E800C3502D /* FilterShadows.swift */,
				22C190FD24AF30E800C3502D /* FilterSaturation.swift */,
				22C190FE24AF30E800C3502D /* FilterTemperature.swift */,
				22C190FF24AF30E800C3502D /* FilterColor.swift */,
				22C1910024AF30E800C3502D /* FilterExposure.swift */,
				22C1910124AF30E800C3502D /* FilterSharpen.swift */,
				22C1910224AF30E800C3502D /* FilterHighlights.swift */,
				22C1910324AF30E800C3502D /* FilterContrast.swift */,
				22C1910424AF30E800C3502D /* FilterGaussianBlur.swift */,
				22C1910524AF30E800C3502D /* FilterFade.swift */,
				22C1910624AF30E800C3502D /* FilterUnsharpMask.swift */,
				2271885A24B4777400610D8C /* FilterHLS.swift */,
				228DE32D24C352B100B748DF /* FilterWhiteBalance.swift */,
			);
			path = Filter;
			sourceTree = "<group>";
		};
		22C1910A24AF30E800C3502D /* Engine */ = {
			isa = PBXGroup;
			children = (
				22C1910B24AF30E800C3502D /* ImageTool.swift */,
				22C1910C24AF30E800C3502D /* ImageRenderer.swift */,
			);
			path = Engine;
			sourceTree = "<group>";
		};
		22C1910F24AF30E900C3502D /* Resource */ = {
			isa = PBXGroup;
			children = (
				22C1911024AF30E900C3502D /* YUCIColorLookup.cikernel */,
			);
			path = Resource;
			sourceTree = "<group>";
		};
		22C1911124AF30E900C3502D /* ImageView */ = {
			isa = PBXGroup;
			children = (
				22C1911224AF30E900C3502D /* MetalImageView.swift */,
				22C1911324AF30E900C3502D /* HardwareImageView.swift */,
				22C1911424AF30E900C3502D /* GLImageView.swift */,
			);
			path = ImageView;
			sourceTree = "<group>";
		};
		22C1911B24AF30E900C3502D /* Utils */ = {
			isa = PBXGroup;
			children = (
				22C1911C24AF30E900C3502D /* UIColor+HEX.swift */,
			);
			path = Utils;
			sourceTree = "<group>";
		};
		22C191A624AF396200C3502D /* View */ = {
			isa = PBXGroup;
			children = (
				22C191A824AF396200C3502D /* ImagePicker.swift */,
				22EF90BC24B569E0003AE15E /* PhotoEditView.swift */,
				22B9F9D324C437E70036FBCE /* SupportView.swift */,
				2208239024C92C4900E4D460 /* ExportView.swift */,
				59D930F724D7E9D500CDC68B /* RoadMapView.swift */,
			);
			path = View;
			sourceTree = SOURCE_ROOT;
		};
		22C191A924AF396200C3502D /* Model */ = {
			isa = PBXGroup;
			children = (
				22C191AA24AF396200C3502D /* Data.swift */,
				22C191AB24AF396200C3502D /* ImageSaver.swift */,
				228E392124BF06A40038B988 /* Collection.swift */,
			);
			path = Model;
			sourceTree = SOURCE_ROOT;
		};
		22CEC04624BEE7BF009D4134 /* Utility */ = {
			isa = PBXGroup;
			children = (
				22CEC04724BEE7D3009D4134 /* AppTheme.swift */,
			);
			path = Utility;
			sourceTree = "<group>";
		};
		5972CCED24DD601B005C0B0A /* image */ = {
			isa = PBXGroup;
			children = (
				5972CCEE24DD601B005C0B0A /* ImagePreviewView.swift */,
			);
			path = image;
			sourceTree = "<group>";
		};
		5972CCEF24DD601B005C0B0A /* Components */ = {
			isa = PBXGroup;
			children = (
				5972CCF024DD601B005C0B0A /* UI */,
				5972CCF624DD601B005C0B0A /* LutMenuUI.swift */,
				5972CCF724DD601B005C0B0A /* Controls */,
				5972CD0B24DD601B005C0B0A /* FilterMenuUI.swift */,
				5972CD0C24DD601B005C0B0A /* EditMenuView.swift */,
			);
			path = Components;
			sourceTree = "<group>";
		};
		5972CCF024DD601B005C0B0A /* UI */ = {
			isa = PBXGroup;
			children = (
				5972CCF124DD601B005C0B0A /* CustomSlider.swift */,
				5972CCF224DD601B005C0B0A /* LUTButton.swift */,
				5972CCF324DD601B005C0B0A /* IconButton.swift */,
				5972CCF424DD601B005C0B0A /* CollectionButton.swift */,
				5972CCF524DD601B005C0B0A /* ButtonView.swift */,
			);
			path = UI;
			sourceTree = "<group>";
		};
		5972CCF724DD601B005C0B0A /* Controls */ = {
			isa = PBXGroup;
			children = (
				5972CCF824DD601B005C0B0A /* ExposureControl.swift */,
				5972CCF924DD601B005C0B0A /* SharpenControl.swift */,
				5972CCFA24DD601B005C0B0A /* Group */,
				5972CCFE24DD601B005C0B0A /* SaturationControl.swift */,
				5972CCFF24DD601B005C0B0A /* ColorCubeControl.swift */,
				5972CD0024DD601B005C0B0A /* HighlightsControl.swift */,
				5972CD0124DD601B005C0B0A /* VignetteControl.swift */,
				5972CD0224DD601B005C0B0A /* HLS */,
				5972CD0524DD601B005C0B0A /* GaussianBlurControl.swift */,
				5972CD0624DD601B005C0B0A /* UnsharpMaskControl.swift */,
				5972CD0724DD601B005C0B0A /* TemperatureControl.swift */,
				5972CD0824DD601B005C0B0A /* ContrastControl.swift */,
				5972CD0924DD601B005C0B0A /* ShadowsControl.swift */,
				5972CD0A24DD601B005C0B0A /* FadeControl.swift */,
			);
			path = Controls;
			sourceTree = "<group>";
		};
		5972CCFA24DD601B005C0B0A /* Group */ = {
			isa = PBXGroup;
			children = (
				5972CCFB24DD601B005C0B0A /* ToneControl.swift */,
				5972CCFC24DD601B005C0B0A /* WhiteBalanceControl.swift */,
				5972CCFD24DD601B005C0B0A /* ColorControl.swift */,
			);
			path = Group;
			sourceTree = "<group>";
		};
		5972CD0224DD601B005C0B0A /* HLS */ = {
			isa = PBXGroup;
			children = (
				5972CD0324DD601B005C0B0A /* ColorSelectButton.swift */,
				5972CD0424DD601B005C0B0A /* HLSControl.swift */,
			);
			path = HLS;
			sourceTree = "<group>";
		};
		5972CD0D24DD601B005C0B0A /* Utility */ = {
			isa = PBXGroup;
			children = (
				5972CD0E24DD601B005C0B0A /* Utility.swift */,
			);
			path = Utility;
			sourceTree = "<group>";
		};
		59EBB39D24DD5F2C00A4F9FD /* PhotoEditor */ = {
			isa = PBXGroup;
			children = (
				5972CD0D24DD601B005C0B0A /* Utility */,
				5972CCEF24DD601B005C0B0A /* Components */,
				5972CCED24DD601B005C0B0A /* image */,
				5972CCEB24DD601B005C0B0A /* PhotoEditorController.swift */,
				5972CCEC24DD601B005C0B0A /* PhotoEditorView.swift */,
				5998814C24E51EF1001BE5CE /* EditMenu.swift */,
			);
			path = PhotoEditor;
			sourceTree = "<group>";
		};
		DA3FF9FFA41A0732EABECA0E /* Frameworks */ = {
			isa = PBXGroup;
			children = (
				22B432C824B5683F00BCC728 /* Foundation.framework */,
				22B432C624B5683A00BCC728 /* AVFoundation.framework */,
				22B432C424B5683100BCC728 /* CoreGraphics.framework */,
				22B432C224B5682500BCC728 /* CoreImage.framework */,
				35168CD2399C980DC98CC76A /* Pods_colorful_room.framework */,
				99B7617A0187A9C3BD12A9C9 /* Pods_PixelEngine.framework */,
			);
			name = Frameworks;
			sourceTree = "<group>";
		};
/* End PBXGroup section */

/* Begin PBXHeadersBuildPhase section */
		22C190E224AF30A900C3502D /* Headers */ = {
			isa = PBXHeadersBuildPhase;
			buildActionMask = 2147483647;
			files = (
				22C190EB24AF30A900C3502D /* PixelEngine.h in Headers */,
			);
			runOnlyForDeploymentPostprocessing = 0;
		};
/* End PBXHeadersBuildPhase section */

/* Begin PBXNativeTarget section */
		228A90B024AF27BB000CB78C /* colorful-room */ = {
			isa = PBXNativeTarget;
			buildConfigurationList = 228A90C824AF27BD000CB78C /* Build configuration list for PBXNativeTarget "colorful-room" */;
			buildPhases = (
				E27EFE4AB6B371D936E623B6 /* [CP] Check Pods Manifest.lock */,
				228A90AD24AF27BB000CB78C /* Sources */,
				228A90AE24AF27BB000CB78C /* Frameworks */,
				228A90AF24AF27BB000CB78C /* Resources */,
				E7FF05A3B7E3DA75A3AF197B /* [CP] Embed Pods Frameworks */,
				22C190E124AF302100C3502D /* Embed Frameworks */,
			);
			buildRules = (
			);
			dependencies = (
				22C190ED24AF30A900C3502D /* PBXTargetDependency */,
			);
			name = "colorful-room";
			productName = "colorful-room";
			productReference = 228A90B124AF27BB000CB78C /* LUTs.app */;
			productType = "com.apple.product-type.application";
		};
		22C190E624AF30A900C3502D /* PixelEngine */ = {
			isa = PBXNativeTarget;
			buildConfigurationList = 22C190F024AF30A900C3502D /* Build configuration list for PBXNativeTarget "PixelEngine" */;
			buildPhases = (
				E434A411C4CEB0CB6E254400 /* [CP] Check Pods Manifest.lock */,
				22C190E224AF30A900C3502D /* Headers */,
				22C190E324AF30A900C3502D /* Sources */,
				22C190E424AF30A900C3502D /* Frameworks */,
				22C190E524AF30A900C3502D /* Resources */,
			);
			buildRules = (
			);
			dependencies = (
			);
			name = PixelEngine;
			productName = PixelEngine;
			productReference = 22C190E724AF30A900C3502D /* PixelEngine.framework */;
			productType = "com.apple.product-type.framework";
		};
/* End PBXNativeTarget section */

/* Begin PBXProject section */
		228A90A924AF27BB000CB78C /* Project object */ = {
			isa = PBXProject;
			attributes = {
				LastSwiftUpdateCheck = 1150;
				LastUpgradeCheck = 1150;
				ORGANIZATIONNAME = PingAK9;
				TargetAttributes = {
					228A90B024AF27BB000CB78C = {
						CreatedOnToolsVersion = 11.5;
					};
					22C190E624AF30A900C3502D = {
						CreatedOnToolsVersion = 11.5;
						LastSwiftMigration = 1150;
					};
				};
			};
			buildConfigurationList = 228A90AC24AF27BB000CB78C /* Build configuration list for PBXProject "colorful-room" */;
			compatibilityVersion = "Xcode 9.3";
			developmentRegion = en;
			hasScannedForEncodings = 0;
			knownRegions = (
				en,
				Base,
			);
			mainGroup = 228A90A824AF27BB000CB78C;
			productRefGroup = 228A90B224AF27BB000CB78C /* Products */;
			projectDirPath = "";
			projectRoot = "";
			targets = (
				228A90B024AF27BB000CB78C /* colorful-room */,
				22C190E624AF30A900C3502D /* PixelEngine */,
			);
		};
/* End PBXProject section */

/* Begin PBXResourcesBuildPhase section */
		228A90AF24AF27BB000CB78C /* Resources */ = {
			isa = PBXResourcesBuildPhase;
			buildActionMask = 2147483647;
			files = (
				228A90C424AF27BD000CB78C /* LaunchScreen.storyboard in Resources */,
				228A90C124AF27BD000CB78C /* Preview Assets.xcassets in Resources */,
				228A90BE24AF27BD000CB78C /* Assets.xcassets in Resources */,
			);
			runOnlyForDeploymentPostprocessing = 0;
		};
		22C190E524AF30A900C3502D /* Resources */ = {
			isa = PBXResourcesBuildPhase;
			buildActionMask = 2147483647;
			files = (
				22C1913724AF30E900C3502D /* YUCIColorLookup.cikernel in Resources */,
			);
			runOnlyForDeploymentPostprocessing = 0;
		};
/* End PBXResourcesBuildPhase section */

/* Begin PBXShellScriptBuildPhase section */
		E27EFE4AB6B371D936E623B6 /* [CP] Check Pods Manifest.lock */ = {
			isa = PBXShellScriptBuildPhase;
			buildActionMask = 2147483647;
			files = (
			);
			inputFileListPaths = (
			);
			inputPaths = (
				"${PODS_PODFILE_DIR_PATH}/Podfile.lock",
				"${PODS_ROOT}/Manifest.lock",
			);
			name = "[CP] Check Pods Manifest.lock";
			outputFileListPaths = (
			);
			outputPaths = (
				"$(DERIVED_FILE_DIR)/Pods-colorful-room-checkManifestLockResult.txt",
			);
			runOnlyForDeploymentPostprocessing = 0;
			shellPath = /bin/sh;
			shellScript = "diff \"${PODS_PODFILE_DIR_PATH}/Podfile.lock\" \"${PODS_ROOT}/Manifest.lock\" > /dev/null\nif [ $? != 0 ] ; then\n    # print error to STDERR\n    echo \"error: The sandbox is not in sync with the Podfile.lock. Run 'pod install' or update your CocoaPods installation.\" >&2\n    exit 1\nfi\n# This output is used by Xcode 'outputs' to avoid re-running this script phase.\necho \"SUCCESS\" > \"${SCRIPT_OUTPUT_FILE_0}\"\n";
			showEnvVarsInLog = 0;
		};
		E434A411C4CEB0CB6E254400 /* [CP] Check Pods Manifest.lock */ = {
			isa = PBXShellScriptBuildPhase;
			buildActionMask = 2147483647;
			files = (
			);
			inputFileListPaths = (
			);
			inputPaths = (
				"${PODS_PODFILE_DIR_PATH}/Podfile.lock",
				"${PODS_ROOT}/Manifest.lock",
			);
			name = "[CP] Check Pods Manifest.lock";
			outputFileListPaths = (
			);
			outputPaths = (
				"$(DERIVED_FILE_DIR)/Pods-PixelEngine-checkManifestLockResult.txt",
			);
			runOnlyForDeploymentPostprocessing = 0;
			shellPath = /bin/sh;
			shellScript = "diff \"${PODS_PODFILE_DIR_PATH}/Podfile.lock\" \"${PODS_ROOT}/Manifest.lock\" > /dev/null\nif [ $? != 0 ] ; then\n    # print error to STDERR\n    echo \"error: The sandbox is not in sync with the Podfile.lock. Run 'pod install' or update your CocoaPods installation.\" >&2\n    exit 1\nfi\n# This output is used by Xcode 'outputs' to avoid re-running this script phase.\necho \"SUCCESS\" > \"${SCRIPT_OUTPUT_FILE_0}\"\n";
			showEnvVarsInLog = 0;
		};
		E7FF05A3B7E3DA75A3AF197B /* [CP] Embed Pods Frameworks */ = {
			isa = PBXShellScriptBuildPhase;
			buildActionMask = 2147483647;
			files = (
			);
			inputFileListPaths = (
				"${PODS_ROOT}/Target Support Files/Pods-colorful-room/Pods-colorful-room-frameworks-${CONFIGURATION}-input-files.xcfilelist",
			);
			name = "[CP] Embed Pods Frameworks";
			outputFileListPaths = (
				"${PODS_ROOT}/Target Support Files/Pods-colorful-room/Pods-colorful-room-frameworks-${CONFIGURATION}-output-files.xcfilelist",
			);
			runOnlyForDeploymentPostprocessing = 0;
			shellPath = /bin/sh;
			shellScript = "\"${PODS_ROOT}/Target Support Files/Pods-colorful-room/Pods-colorful-room-frameworks.sh\"\n";
			showEnvVarsInLog = 0;
		};
/* End PBXShellScriptBuildPhase section */

/* Begin PBXSourcesBuildPhase section */
		228A90AD24AF27BB000CB78C /* Sources */ = {
			isa = PBXSourcesBuildPhase;
			buildActionMask = 2147483647;
			files = (
				22C191AF24AF396200C3502D /* Data.swift in Sources */,
				22EF90BD24B569E0003AE15E /* PhotoEditView.swift in Sources */,
				5972CD1624DD601B005C0B0A /* ButtonView.swift in Sources */,
				5972CD1524DD601B005C0B0A /* CollectionButton.swift in Sources */,
				5972CD1024DD601B005C0B0A /* PhotoEditorView.swift in Sources */,
				5972CD2424DD601B005C0B0A /* UnsharpMaskControl.swift in Sources */,
				5972CD1924DD601B005C0B0A /* SharpenControl.swift in Sources */,
				5972CD1124DD601B005C0B0A /* ImagePreviewView.swift in Sources */,
				5972CD2224DD601B005C0B0A /* HLSControl.swift in Sources */,
				228A90B524AF27BB000CB78C /* AppDelegate.swift in Sources */,
				22B9F9D424C437E70036FBCE /* SupportView.swift in Sources */,
				5972CD1824DD601B005C0B0A /* ExposureControl.swift in Sources */,
				5972CD2124DD601B005C0B0A /* ColorSelectButton.swift in Sources */,
				228E392224BF06A40038B988 /* Collection.swift in Sources */,
				5972CD2324DD601B005C0B0A /* GaussianBlurControl.swift in Sources */,
				22B9F9D224C42C7C0036FBCE /* ActivityIndicator.swift in Sources */,
				5972CD2724DD601B005C0B0A /* ShadowsControl.swift in Sources */,
				5972CD1424DD601B005C0B0A /* IconButton.swift in Sources */,
				2208239124C92C4900E4D460 /* ExportView.swift in Sources */,
				5972CD2A24DD601B005C0B0A /* EditMenuView.swift in Sources */,
				5972CD2B24DD601B005C0B0A /* Utility.swift in Sources */,
				228A90BA24AF27BB000CB78C /* colorful_room.xcdatamodeld in Sources */,
				5972CD1A24DD601B005C0B0A /* ToneControl.swift in Sources */,
				5972CD2824DD601B005C0B0A /* FadeControl.swift in Sources */,
				5972CD1E24DD601B005C0B0A /* ColorCubeControl.swift in Sources */,
				22CEC04824BEE7D3009D4134 /* AppTheme.swift in Sources */,
				5972CD1D24DD601B005C0B0A /* SaturationControl.swift in Sources */,
				5972CD1B24DD601B005C0B0A /* WhiteBalanceControl.swift in Sources */,
				5972CD2924DD601B005C0B0A /* FilterMenuUI.swift in Sources */,
				5972CD1224DD601B005C0B0A /* CustomSlider.swift in Sources */,
				228A90BC24AF27BB000CB78C /* ContentView.swift in Sources */,
				5972CD0F24DD601B005C0B0A /* PhotoEditorController.swift in Sources */,
				5998814D24E51EF1001BE5CE /* EditMenu.swift in Sources */,
				5972CD1724DD601B005C0B0A /* LutMenuUI.swift in Sources */,
				5972CD2524DD601B005C0B0A /* TemperatureControl.swift in Sources */,
				22C191AE24AF396200C3502D /* ImagePicker.swift in Sources */,
				5972CD1C24DD601B005C0B0A /* ColorControl.swift in Sources */,
				5972CD2624DD601B005C0B0A /* ContrastControl.swift in Sources */,
				228A90B724AF27BB000CB78C /* SceneDelegate.swift in Sources */,
				5972CD1324DD601B005C0B0A /* LUTButton.swift in Sources */,
				22787FC824C00792002CC5C3 /* ListTitle.swift in Sources */,
				5972CD1F24DD601B005C0B0A /* HighlightsControl.swift in Sources */,
				22C191B024AF396200C3502D /* ImageSaver.swift in Sources */,
				59D930F824D7E9D500CDC68B /* RoadMapView.swift in Sources */,
				226708E724C96AFD00A96CA7 /* RaiseButton.swift in Sources */,
				5972CD2024DD601B005C0B0A /* VignetteControl.swift in Sources */,
			);
			runOnlyForDeploymentPostprocessing = 0;
		};
		22C190E324AF30A900C3502D /* Sources */ = {
			isa = PBXSourcesBuildPhase;
			buildActionMask = 2147483647;
			files = (
				22C1912D24AF30E900C3502D /* FilterGaussianBlur.swift in Sources */,
				22C1914124AF30E900C3502D /* UIColor+HEX.swift in Sources */,
				2271885924B4738800610D8C /* MultiBandHSV.swift in Sources */,
				22C1912824AF30E900C3502D /* FilterColor.swift in Sources */,
				22C1912524AF30E900C3502D /* FilterShadows.swift in Sources */,
				228DE32E24C352B100B748DF /* FilterWhiteBalance.swift in Sources */,
				22C1913D24AF30E900C3502D /* PixelEngine.swift in Sources */,
				22C1913824AF30E900C3502D /* MetalImageView.swift in Sources */,
				22C1913124AF30E900C3502D /* DrawnPathInRect.swift in Sources */,
				22C1913924AF30E900C3502D /* HardwareImageView.swift in Sources */,
				22C1913224AF30E900C3502D /* EditingStack.swift in Sources */,
				22C1912C24AF30E900C3502D /* FilterContrast.swift in Sources */,
				22C1913F24AF30E900C3502D /* InternalUtils.swift in Sources */,
				22C1913B24AF30E900C3502D /* DrawnPath.swift in Sources */,
				22C1913A24AF30E900C3502D /* GLImageView.swift in Sources */,
				22C1912124AF30E900C3502D /* ImageSource.swift in Sources */,
				22C1912624AF30E900C3502D /* FilterSaturation.swift in Sources */,
				22C1912E24AF30E900C3502D /* FilterFade.swift in Sources */,
				22C1912924AF30E900C3502D /* FilterExposure.swift in Sources */,
				22C1913024AF30E900C3502D /* Geometry.swift in Sources */,
				22C1911D24AF30E900C3502D /* EngineLog.swift in Sources */,
				2271885B24B4777400610D8C /* FilterHLS.swift in Sources */,
				22C1911E24AF30E900C3502D /* GraphicDrawing.swift in Sources */,
				22C1914024AF30E900C3502D /* OvalBrush.swift in Sources */,
				22C1912424AF30E900C3502D /* FilterColorCube.swift in Sources */,
				22C1913324AF30E900C3502D /* ImageTool.swift in Sources */,
				22C1913424AF30E900C3502D /* ImageRenderer.swift in Sources */,
				22C1912A24AF30E900C3502D /* FilterSharpen.swift in Sources */,
				22C1912B24AF30E900C3502D /* FilterHighlights.swift in Sources */,
				22C1913E24AF30E900C3502D /* Filtering.swift in Sources */,
				22C1913C24AF30E900C3502D /* ColorCube.swift in Sources */,
				22C1911F24AF30E900C3502D /* BlurredMask.swift in Sources */,
				22C1912F24AF30E900C3502D /* FilterUnsharpMask.swift in Sources */,
				22C1912724AF30E900C3502D /* FilterTemperature.swift in Sources */,
				22C1913624AF30E900C3502D /* ParameterRange.swift in Sources */,
				22C1912224AF30E900C3502D /* FilterVignette.swift in Sources */,
				22C1912324AF30E900C3502D /* FilterHighlightShadowTint.swift in Sources */,
			);
			runOnlyForDeploymentPostprocessing = 0;
		};
/* End PBXSourcesBuildPhase section */

/* Begin PBXTargetDependency section */
		22C190ED24AF30A900C3502D /* PBXTargetDependency */ = {
			isa = PBXTargetDependency;
			target = 22C190E624AF30A900C3502D /* PixelEngine */;
			targetProxy = 22C190EC24AF30A900C3502D /* PBXContainerItemProxy */;
		};
/* End PBXTargetDependency section */

/* Begin PBXVariantGroup section */
		228A90C224AF27BD000CB78C /* LaunchScreen.storyboard */ = {
			isa = PBXVariantGroup;
			children = (
				228A90C324AF27BD000CB78C /* Base */,
			);
			name = LaunchScreen.storyboard;
			sourceTree = "<group>";
		};
/* End PBXVariantGroup section */

/* Begin XCBuildConfiguration section */
		228A90C624AF27BD000CB78C /* Debug */ = {
			isa = XCBuildConfiguration;
			buildSettings = {
				ALWAYS_SEARCH_USER_PATHS = NO;
				CLANG_ANALYZER_NONNULL = YES;
				CLANG_ANALYZER_NUMBER_OBJECT_CONVERSION = YES_AGGRESSIVE;
				CLANG_CXX_LANGUAGE_STANDARD = "gnu++14";
				CLANG_CXX_LIBRARY = "libc++";
				CLANG_ENABLE_MODULES = YES;
				CLANG_ENABLE_OBJC_ARC = YES;
				CLANG_ENABLE_OBJC_WEAK = YES;
				CLANG_WARN_BLOCK_CAPTURE_AUTORELEASING = YES;
				CLANG_WARN_BOOL_CONVERSION = YES;
				CLANG_WARN_COMMA = YES;
				CLANG_WARN_CONSTANT_CONVERSION = YES;
				CLANG_WARN_DEPRECATED_OBJC_IMPLEMENTATIONS = YES;
				CLANG_WARN_DIRECT_OBJC_ISA_USAGE = YES_ERROR;
				CLANG_WARN_DOCUMENTATION_COMMENTS = YES;
				CLANG_WARN_EMPTY_BODY = YES;
				CLANG_WARN_ENUM_CONVERSION = YES;
				CLANG_WARN_INFINITE_RECURSION = YES;
				CLANG_WARN_INT_CONVERSION = YES;
				CLANG_WARN_NON_LITERAL_NULL_CONVERSION = YES;
				CLANG_WARN_OBJC_IMPLICIT_RETAIN_SELF = YES;
				CLANG_WARN_OBJC_LITERAL_CONVERSION = YES;
				CLANG_WARN_OBJC_ROOT_CLASS = YES_ERROR;
				CLANG_WARN_RANGE_LOOP_ANALYSIS = YES;
				CLANG_WARN_STRICT_PROTOTYPES = YES;
				CLANG_WARN_SUSPICIOUS_MOVE = YES;
				CLANG_WARN_UNGUARDED_AVAILABILITY = YES_AGGRESSIVE;
				CLANG_WARN_UNREACHABLE_CODE = YES;
				CLANG_WARN__DUPLICATE_METHOD_MATCH = YES;
				COPY_PHASE_STRIP = NO;
				DEBUG_INFORMATION_FORMAT = dwarf;
				ENABLE_STRICT_OBJC_MSGSEND = YES;
				ENABLE_TESTABILITY = YES;
				GCC_C_LANGUAGE_STANDARD = gnu11;
				GCC_DYNAMIC_NO_PIC = NO;
				GCC_NO_COMMON_BLOCKS = YES;
				GCC_OPTIMIZATION_LEVEL = 0;
				GCC_PREPROCESSOR_DEFINITIONS = (
					"DEBUG=1",
					"$(inherited)",
				);
				GCC_WARN_64_TO_32_BIT_CONVERSION = YES;
				GCC_WARN_ABOUT_RETURN_TYPE = YES_ERROR;
				GCC_WARN_UNDECLARED_SELECTOR = YES;
				GCC_WARN_UNINITIALIZED_AUTOS = YES_AGGRESSIVE;
				GCC_WARN_UNUSED_FUNCTION = YES;
				GCC_WARN_UNUSED_VARIABLE = YES;
				IPHONEOS_DEPLOYMENT_TARGET = 13.5;
				MTL_ENABLE_DEBUG_INFO = INCLUDE_SOURCE;
				MTL_FAST_MATH = YES;
				ONLY_ACTIVE_ARCH = YES;
				SDKROOT = iphoneos;
				SWIFT_ACTIVE_COMPILATION_CONDITIONS = DEBUG;
				SWIFT_OPTIMIZATION_LEVEL = "-Onone";
			};
			name = Debug;
		};
		228A90C724AF27BD000CB78C /* Release */ = {
			isa = XCBuildConfiguration;
			buildSettings = {
				ALWAYS_SEARCH_USER_PATHS = NO;
				CLANG_ANALYZER_NONNULL = YES;
				CLANG_ANALYZER_NUMBER_OBJECT_CONVERSION = YES_AGGRESSIVE;
				CLANG_CXX_LANGUAGE_STANDARD = "gnu++14";
				CLANG_CXX_LIBRARY = "libc++";
				CLANG_ENABLE_MODULES = YES;
				CLANG_ENABLE_OBJC_ARC = YES;
				CLANG_ENABLE_OBJC_WEAK = YES;
				CLANG_WARN_BLOCK_CAPTURE_AUTORELEASING = YES;
				CLANG_WARN_BOOL_CONVERSION = YES;
				CLANG_WARN_COMMA = YES;
				CLANG_WARN_CONSTANT_CONVERSION = YES;
				CLANG_WARN_DEPRECATED_OBJC_IMPLEMENTATIONS = YES;
				CLANG_WARN_DIRECT_OBJC_ISA_USAGE = YES_ERROR;
				CLANG_WARN_DOCUMENTATION_COMMENTS = YES;
				CLANG_WARN_EMPTY_BODY = YES;
				CLANG_WARN_ENUM_CONVERSION = YES;
				CLANG_WARN_INFINITE_RECURSION = YES;
				CLANG_WARN_INT_CONVERSION = YES;
				CLANG_WARN_NON_LITERAL_NULL_CONVERSION = YES;
				CLANG_WARN_OBJC_IMPLICIT_RETAIN_SELF = YES;
				CLANG_WARN_OBJC_LITERAL_CONVERSION = YES;
				CLANG_WARN_OBJC_ROOT_CLASS = YES_ERROR;
				CLANG_WARN_RANGE_LOOP_ANALYSIS = YES;
				CLANG_WARN_STRICT_PROTOTYPES = YES;
				CLANG_WARN_SUSPICIOUS_MOVE = YES;
				CLANG_WARN_UNGUARDED_AVAILABILITY = YES_AGGRESSIVE;
				CLANG_WARN_UNREACHABLE_CODE = YES;
				CLANG_WARN__DUPLICATE_METHOD_MATCH = YES;
				COPY_PHASE_STRIP = NO;
				DEBUG_INFORMATION_FORMAT = "dwarf-with-dsym";
				ENABLE_NS_ASSERTIONS = NO;
				ENABLE_STRICT_OBJC_MSGSEND = YES;
				GCC_C_LANGUAGE_STANDARD = gnu11;
				GCC_NO_COMMON_BLOCKS = YES;
				GCC_WARN_64_TO_32_BIT_CONVERSION = YES;
				GCC_WARN_ABOUT_RETURN_TYPE = YES_ERROR;
				GCC_WARN_UNDECLARED_SELECTOR = YES;
				GCC_WARN_UNINITIALIZED_AUTOS = YES_AGGRESSIVE;
				GCC_WARN_UNUSED_FUNCTION = YES;
				GCC_WARN_UNUSED_VARIABLE = YES;
				IPHONEOS_DEPLOYMENT_TARGET = 13.5;
				MTL_ENABLE_DEBUG_INFO = NO;
				MTL_FAST_MATH = YES;
				SDKROOT = iphoneos;
				SWIFT_COMPILATION_MODE = wholemodule;
				SWIFT_OPTIMIZATION_LEVEL = "-O";
				VALIDATE_PRODUCT = YES;
			};
			name = Release;
		};
		228A90C924AF27BD000CB78C /* Debug */ = {
			isa = XCBuildConfiguration;
			baseConfigurationReference = 4682A39EF92B8DE5335673D3 /* Pods-colorful-room.debug.xcconfig */;
			buildSettings = {
				ALWAYS_EMBED_SWIFT_STANDARD_LIBRARIES = "$(inherited)";
				ASSETCATALOG_COMPILER_APPICON_NAME = AppIcon;
				CODE_SIGN_IDENTITY = "Apple Development";
				CODE_SIGN_STYLE = Automatic;
				CURRENT_PROJECT_VERSION = 4;
				DEVELOPMENT_ASSET_PATHS = "\"colorful-room/Preview Content\"";
				DEVELOPMENT_TEAM = N8L3QK9894;
				ENABLE_PREVIEWS = YES;
				INFOPLIST_FILE = "colorful-room/Info.plist";
				LD_RUNPATH_SEARCH_PATHS = (
					"$(inherited)",
					"@executable_path/Frameworks",
				);
				MARKETING_VERSION = 1.0.1;
				PRODUCT_BUNDLE_IDENTIFIER = com.pingak9.luts;
				PRODUCT_NAME = LUTs;
				PROVISIONING_PROFILE_SPECIFIER = "";
				SWIFT_VERSION = 5.0;
				TARGETED_DEVICE_FAMILY = "1,2";
			};
			name = Debug;
		};
		228A90CA24AF27BD000CB78C /* Release */ = {
			isa = XCBuildConfiguration;
			baseConfigurationReference = 1AE86049E48094D887353101 /* Pods-colorful-room.release.xcconfig */;
			buildSettings = {
				ALWAYS_EMBED_SWIFT_STANDARD_LIBRARIES = "$(inherited)";
				ASSETCATALOG_COMPILER_APPICON_NAME = AppIcon;
				CODE_SIGN_IDENTITY = "Apple Development";
				CODE_SIGN_STYLE = Automatic;
				CURRENT_PROJECT_VERSION = 4;
				DEVELOPMENT_ASSET_PATHS = "\"colorful-room/Preview Content\"";
				DEVELOPMENT_TEAM = N8L3QK9894;
				ENABLE_PREVIEWS = YES;
				INFOPLIST_FILE = "colorful-room/Info.plist";
				LD_RUNPATH_SEARCH_PATHS = (
					"$(inherited)",
					"@executable_path/Frameworks",
				);
				MARKETING_VERSION = 1.0.1;
				PRODUCT_BUNDLE_IDENTIFIER = com.pingak9.luts;
				PRODUCT_NAME = LUTs;
				PROVISIONING_PROFILE_SPECIFIER = "";
				SWIFT_VERSION = 5.0;
				TARGETED_DEVICE_FAMILY = "1,2";
			};
			name = Release;
		};
		22C190F124AF30A900C3502D /* Debug */ = {
			isa = XCBuildConfiguration;
			baseConfigurationReference = 39B28A770BF277CAD04B1B5C /* Pods-PixelEngine.debug.xcconfig */;
			buildSettings = {
				APPLICATION_EXTENSION_API_ONLY = YES;
				CLANG_ENABLE_MODULES = YES;
				CODE_SIGN_STYLE = Automatic;
				CURRENT_PROJECT_VERSION = 1;
				DEFINES_MODULE = YES;
				DEVELOPMENT_TEAM = N8L3QK9894;
				DYLIB_COMPATIBILITY_VERSION = 1;
				DYLIB_CURRENT_VERSION = 1;
				DYLIB_INSTALL_NAME_BASE = "@rpath";
				INFOPLIST_FILE = PixelEngine/Info.plist;
				INSTALL_PATH = "$(LOCAL_LIBRARY_DIR)/Frameworks";
				LD_RUNPATH_SEARCH_PATHS = (
					"$(inherited)",
					"@executable_path/Frameworks",
					"@loader_path/Frameworks",
				);
				MARKETING_VERSION = 1.0.0;
				PRODUCT_BUNDLE_IDENTIFIER = com.pingak9.pixelengine;
				PRODUCT_NAME = "$(TARGET_NAME:c99extidentifier)";
				SKIP_INSTALL = YES;
				SWIFT_OPTIMIZATION_LEVEL = "-Onone";
				SWIFT_VERSION = 5.0;
				TARGETED_DEVICE_FAMILY = "1,2";
				VERSIONING_SYSTEM = "apple-generic";
				VERSION_INFO_PREFIX = "";
			};
			name = Debug;
		};
		22C190F224AF30A900C3502D /* Release */ = {
			isa = XCBuildConfiguration;
			baseConfigurationReference = 56D37364123E5AC23935C76E /* Pods-PixelEngine.release.xcconfig */;
			buildSettings = {
				APPLICATION_EXTENSION_API_ONLY = YES;
				CLANG_ENABLE_MODULES = YES;
				CODE_SIGN_STYLE = Automatic;
				CURRENT_PROJECT_VERSION = 1;
				DEFINES_MODULE = YES;
				DEVELOPMENT_TEAM = N8L3QK9894;
				DYLIB_COMPATIBILITY_VERSION = 1;
				DYLIB_CURRENT_VERSION = 1;
				DYLIB_INSTALL_NAME_BASE = "@rpath";
				INFOPLIST_FILE = PixelEngine/Info.plist;
				INSTALL_PATH = "$(LOCAL_LIBRARY_DIR)/Frameworks";
				LD_RUNPATH_SEARCH_PATHS = (
					"$(inherited)",
					"@executable_path/Frameworks",
					"@loader_path/Frameworks",
				);
				MARKETING_VERSION = 1.0.0;
				PRODUCT_BUNDLE_IDENTIFIER = com.pingak9.pixelengine;
				PRODUCT_NAME = "$(TARGET_NAME:c99extidentifier)";
				SKIP_INSTALL = YES;
				SWIFT_VERSION = 5.0;
				TARGETED_DEVICE_FAMILY = "1,2";
				VERSIONING_SYSTEM = "apple-generic";
				VERSION_INFO_PREFIX = "";
			};
			name = Release;
		};
/* End XCBuildConfiguration section */

/* Begin XCConfigurationList section */
		228A90AC24AF27BB000CB78C /* Build configuration list for PBXProject "colorful-room" */ = {
			isa = XCConfigurationList;
			buildConfigurations = (
				228A90C624AF27BD000CB78C /* Debug */,
				228A90C724AF27BD000CB78C /* Release */,
			);
			defaultConfigurationIsVisible = 0;
			defaultConfigurationName = Release;
		};
		228A90C824AF27BD000CB78C /* Build configuration list for PBXNativeTarget "colorful-room" */ = {
			isa = XCConfigurationList;
			buildConfigurations = (
				228A90C924AF27BD000CB78C /* Debug */,
				228A90CA24AF27BD000CB78C /* Release */,
			);
			defaultConfigurationIsVisible = 0;
			defaultConfigurationName = Release;
		};
		22C190F024AF30A900C3502D /* Build configuration list for PBXNativeTarget "PixelEngine" */ = {
			isa = XCConfigurationList;
			buildConfigurations = (
				22C190F124AF30A900C3502D /* Debug */,
				22C190F224AF30A900C3502D /* Release */,
			);
			defaultConfigurationIsVisible = 0;
			defaultConfigurationName = Release;
		};
/* End XCConfigurationList section */

/* Begin XCVersionGroup section */
		228A90B824AF27BB000CB78C /* colorful_room.xcdatamodeld */ = {
			isa = XCVersionGroup;
			children = (
				228A90B924AF27BB000CB78C /* colorful_room.xcdatamodel */,
			);
			currentVersion = 228A90B924AF27BB000CB78C /* colorful_room.xcdatamodel */;
			path = colorful_room.xcdatamodeld;
			sourceTree = "<group>";
			versionGroupType = wrapper.xcdatamodel;
		};
/* End XCVersionGroup section */
	};
	rootObject = 228A90A924AF27BB000CB78C /* Project object */;
}
